
Microsoft Visual Studio Solution File, Format Version 12.00
# Visual Studio Version 16
VisualStudioVersion = 16.0.30621.155
MinimumVisualStudioVersion = 10.0.40219.1
Project("{FAE04EC0-301F-11D3-BF4B-00C04F79EFBC}") = "Cinema_Ticket", "Cinema_Ticket\Cinema_Ticket.csproj", "{267972F8-8333-4BD6-AEF3-17625FAD941D}"
EndProject
Global
	GlobalSection(SolutionConfigurationPlatforms) = preSolution
		Debug|Any CPU = Debug|Any CPU
		Release|Any CPU = Release|Any CPU
	EndGlobalSection
	GlobalSection(ProjectConfigurationPlatforms) = postSolution
		{267972F8-8333-4BD6-AEF3-17625FAD941D}.Debug|Any CPU.ActiveCfg = Debug|Any CPU
		{267972F8-8333-4BD6-AEF3-17625FAD941D}.Debug|Any CPU.Build.0 = Debug|Any CPU
		{267972F8-8333-4BD6-AEF3-17625FAD941D}.Release|Any CPU.ActiveCfg = Release|Any CPU
		{267972F8-8333-4BD6-AEF3-17625FAD941D}.Release|Any CPU.Build.0 = Release|Any CPU
	EndGlobalSection
	GlobalSection(SolutionProperties) = preSolution
		HideSolutionNode = FALSE
	EndGlobalSection
	GlobalSection(ExtensibilityGlobals) = postSolution
		SolutionGuid = {9D8BFD78-87BA-427B-AEE7-C16CBC8F9F7D}
	EndGlobalSection
EndGlobal
